
Microsoft Visual Studio Solution File, Format Version 12.00
# Visual Studio Version 16
VisualStudioVersion = 16.0.30804.86
MinimumVisualStudioVersion = 10.0.40219.1
Project("{FAE04EC0-301F-11D3-BF4B-00C04F79EFBC}") = "RadiusR Customer Setup Service", "RadiusR Customer Setup Service\RadiusR Customer Setup Service.csproj", "{DBC41B00-0DC5-4181-BDD4-B59F69585C1A}"
EndProject
Project("{FAE04EC0-301F-11D3-BF4B-00C04F79EFBC}") = "RadiusR Customer Setup Hash Utility", "RadiusR Customer Setup Hash Utility\RadiusR Customer Setup Hash Utility.csproj", "{9F804C26-136D-4302-981F-627ABBB70788}"
EndProject
Global
	GlobalSection(SolutionConfigurationPlatforms) = preSolution
		Debug|Any CPU = Debug|Any CPU
		Release|Any CPU = Release|Any CPU
	EndGlobalSection
	GlobalSection(ProjectConfigurationPlatforms) = postSolution
		{DBC41B00-0DC5-4181-BDD4-B59F69585C1A}.Debug|Any CPU.ActiveCfg = Debug|Any CPU
		{DBC41B00-0DC5-4181-BDD4-B59F69585C1A}.Debug|Any CPU.Build.0 = Debug|Any CPU
		{DBC41B00-0DC5-4181-BDD4-B59F69585C1A}.Release|Any CPU.ActiveCfg = Release|Any CPU
		{DBC41B00-0DC5-4181-BDD4-B59F69585C1A}.Release|Any CPU.Build.0 = Release|Any CPU
		{9F804C26-136D-4302-981F-627ABBB70788}.Debug|Any CPU.ActiveCfg = Debug|Any CPU
		{9F804C26-136D-4302-981F-627ABBB70788}.Debug|Any CPU.Build.0 = Debug|Any CPU
		{9F804C26-136D-4302-981F-627ABBB70788}.Release|Any CPU.ActiveCfg = Release|Any CPU
		{9F804C26-136D-4302-981F-627ABBB70788}.Release|Any CPU.Build.0 = Release|Any CPU
	EndGlobalSection
	GlobalSection(SolutionProperties) = preSolution
		HideSolutionNode = FALSE
	EndGlobalSection
	GlobalSection(ExtensibilityGlobals) = postSolution
		SolutionGuid = {E6AAD87F-E6F3-4EFD-BBAC-89025742BB04}
	EndGlobalSection
EndGlobal
